
Microsoft Visual Studio Solution File, Format Version 12.00
# Visual Studio 15
VisualStudioVersion = 15.0.26124.0
MinimumVisualStudioVersion = 15.0.26124.0
Project("{F2A71F9B-5D33-465A-A702-920D77279786}") = "proj", "proj\proj.fsproj", "{BD9DF303-FB60-4073-81EB-CC9E6062B496}"
EndProject
Project("{F2A71F9B-5D33-465A-A702-920D77279786}") = "testing", "testing\testing.fsproj", "{6E353CCE-9E51-4AB5-AC9B-9DDE7B739B96}"
EndProject
Global
	GlobalSection(SolutionConfigurationPlatforms) = preSolution
		Debug|Any CPU = Debug|Any CPU
		Debug|x64 = Debug|x64
		Debug|x86 = Debug|x86
		Release|Any CPU = Release|Any CPU
		Release|x64 = Release|x64
		Release|x86 = Release|x86
	EndGlobalSection
	GlobalSection(SolutionProperties) = preSolution
		HideSolutionNode = FALSE
	EndGlobalSection
	GlobalSection(ProjectConfigurationPlatforms) = postSolution
		{02ED03EC-6733-48DC-AF60-3D4FB4F5C010}.Debug|Any CPU.ActiveCfg = Debug|Any CPU
		{02ED03EC-6733-48DC-AF60-3D4FB4F5C010}.Debug|Any CPU.Build.0 = Debug|Any CPU
		{02ED03EC-6733-48DC-AF60-3D4FB4F5C010}.Debug|x64.ActiveCfg = Debug|Any CPU
		{02ED03EC-6733-48DC-AF60-3D4FB4F5C010}.Debug|x64.Build.0 = Debug|Any CPU
		{02ED03EC-6733-48DC-AF60-3D4FB4F5C010}.Debug|x86.ActiveCfg = Debug|Any CPU
		{02ED03EC-6733-48DC-AF60-3D4FB4F5C010}.Debug|x86.Build.0 = Debug|Any CPU
		{02ED03EC-6733-48DC-AF60-3D4FB4F5C010}.Release|Any CPU.ActiveCfg = Release|Any CPU
		{02ED03EC-6733-48DC-AF60-3D4FB4F5C010}.Release|Any CPU.Build.0 = Release|Any CPU
		{02ED03EC-6733-48DC-AF60-3D4FB4F5C010}.Release|x64.ActiveCfg = Release|Any CPU
		{02ED03EC-6733-48DC-AF60-3D4FB4F5C010}.Release|x64.Build.0 = Release|Any CPU
		{02ED03EC-6733-48DC-AF60-3D4FB4F5C010}.Release|x86.ActiveCfg = Release|Any CPU
		{02ED03EC-6733-48DC-AF60-3D4FB4F5C010}.Release|x86.Build.0 = Release|Any CPU
		{BD9DF303-FB60-4073-81EB-CC9E6062B496}.Debug|Any CPU.ActiveCfg = Debug|Any CPU
		{BD9DF303-FB60-4073-81EB-CC9E6062B496}.Debug|Any CPU.Build.0 = Debug|Any CPU
		{BD9DF303-FB60-4073-81EB-CC9E6062B496}.Debug|x64.ActiveCfg = Debug|Any CPU
		{BD9DF303-FB60-4073-81EB-CC9E6062B496}.Debug|x64.Build.0 = Debug|Any CPU
		{BD9DF303-FB60-4073-81EB-CC9E6062B496}.Debug|x86.ActiveCfg = Debug|Any CPU
		{BD9DF303-FB60-4073-81EB-CC9E6062B496}.Debug|x86.Build.0 = Debug|Any CPU
		{BD9DF303-FB60-4073-81EB-CC9E6062B496}.Release|Any CPU.ActiveCfg = Release|Any CPU
		{BD9DF303-FB60-4073-81EB-CC9E6062B496}.Release|Any CPU.Build.0 = Release|Any CPU
		{BD9DF303-FB60-4073-81EB-CC9E6062B496}.Release|x64.ActiveCfg = Release|Any CPU
		{BD9DF303-FB60-4073-81EB-CC9E6062B496}.Release|x64.Build.0 = Release|Any CPU
		{BD9DF303-FB60-4073-81EB-CC9E6062B496}.Release|x86.ActiveCfg = Release|Any CPU
		{BD9DF303-FB60-4073-81EB-CC9E6062B496}.Release|x86.Build.0 = Release|Any CPU
		{6E353CCE-9E51-4AB5-AC9B-9DDE7B739B96}.Debug|Any CPU.ActiveCfg = Debug|Any CPU
		{6E353CCE-9E51-4AB5-AC9B-9DDE7B739B96}.Debug|Any CPU.Build.0 = Debug|Any CPU
		{6E353CCE-9E51-4AB5-AC9B-9DDE7B739B96}.Debug|x64.ActiveCfg = Debug|Any CPU
		{6E353CCE-9E51-4AB5-AC9B-9DDE7B739B96}.Debug|x64.Build.0 = Debug|Any CPU
		{6E353CCE-9E51-4AB5-AC9B-9DDE7B739B96}.Debug|x86.ActiveCfg = Debug|Any CPU
		{6E353CCE-9E51-4AB5-AC9B-9DDE7B739B96}.Debug|x86.Build.0 = Debug|Any CPU
		{6E353CCE-9E51-4AB5-AC9B-9DDE7B739B96}.Release|Any CPU.ActiveCfg = Release|Any CPU
		{6E353CCE-9E51-4AB5-AC9B-9DDE7B739B96}.Release|Any CPU.Build.0 = Release|Any CPU
		{6E353CCE-9E51-4AB5-AC9B-9DDE7B739B96}.Release|x64.ActiveCfg = Release|Any CPU
		{6E353CCE-9E51-4AB5-AC9B-9DDE7B739B96}.Release|x64.Build.0 = Release|Any CPU
		{6E353CCE-9E51-4AB5-AC9B-9DDE7B739B96}.Release|x86.ActiveCfg = Release|Any CPU
		{6E353CCE-9E51-4AB5-AC9B-9DDE7B739B96}.Release|x86.Build.0 = Release|Any CPU
	EndGlobalSection
EndGlobal
