
Microsoft Visual Studio Solution File, Format Version 12.00
# Visual Studio 15
Project("{F2A71F9B-5D33-465A-A702-920D77279786}") = "lang", "lang.fsproj", "{422EE0F4-71E4-43CC-8799-6A6797723B6F}"
EndProject
Global
	GlobalSection(SolutionConfigurationPlatforms) = preSolution
		Debug|Any CPU = Debug|Any CPU
		Release|Any CPU = Release|Any CPU
	EndGlobalSection
	GlobalSection(ProjectConfigurationPlatforms) = postSolution
		{422EE0F4-71E4-43CC-8799-6A6797723B6F}.Debug|Any CPU.ActiveCfg = Debug|Any CPU
		{422EE0F4-71E4-43CC-8799-6A6797723B6F}.Debug|Any CPU.Build.0 = Debug|Any CPU
		{422EE0F4-71E4-43CC-8799-6A6797723B6F}.Release|Any CPU.ActiveCfg = Release|Any CPU
		{422EE0F4-71E4-43CC-8799-6A6797723B6F}.Release|Any CPU.Build.0 = Release|Any CPU
	EndGlobalSection
EndGlobal
